
Microsoft Visual Studio Solution File, Format Version 12.00
# Visual Studio Version 17
VisualStudioVersion = 17.13.36105.23 d17.13
MinimumVisualStudioVersion = 10.0.40219.1
Project("{FAE04EC0-301F-11D3-BF4B-00C04F79EFBC}") = "BlogApp", "BlogApp\BlogApp.csproj", "{D0325BE4-6801-47F6-9B79-278BF6BC4F83}"
EndProject
Global
	GlobalSection(SolutionConfigurationPlatforms) = preSolution
		Debug|Any CPU = Debug|Any CPU
		Release|Any CPU = Release|Any CPU
	EndGlobalSection
	GlobalSection(ProjectConfigurationPlatforms) = postSolution
		{D0325BE4-6801-47F6-9B79-278BF6BC4F83}.Debug|Any CPU.ActiveCfg = Debug|Any CPU
		{D0325BE4-6801-47F6-9B79-278BF6BC4F83}.Debug|Any CPU.Build.0 = Debug|Any CPU
		{D0325BE4-6801-47F6-9B79-278BF6BC4F83}.Release|Any CPU.ActiveCfg = Release|Any CPU
		{D0325BE4-6801-47F6-9B79-278BF6BC4F83}.Release|Any CPU.Build.0 = Release|Any CPU
	EndGlobalSection
	GlobalSection(SolutionProperties) = preSolution
		HideSolutionNode = FALSE
	EndGlobalSection
	GlobalSection(ExtensibilityGlobals) = postSolution
		SolutionGuid = {84006076-921E-4054-88AF-D5E5C7AD3E6D}
	EndGlobalSection
EndGlobal
